
Microsoft Visual Studio Solution File, Format Version 12.00
# Visual Studio Version 17
VisualStudioVersion = 17.0.31903.59
MinimumVisualStudioVersion = 10.0.40219.1
Project("{2150E333-8FDC-42A3-9474-1A3956D46DE8}") = "Decorator", "Decorator", "{C65051F6-6AF1-4C27-A704-CD1294D2D1C7}"
EndProject
Project("{FAE04EC0-301F-11D3-BF4B-00C04F79EFBC}") = "Decorator", "Decorator\Decorator.csproj", "{37F12E79-B960-49F9-B872-91CCBCFA916D}"
EndProject
Project("{FAE04EC0-301F-11D3-BF4B-00C04F79EFBC}") = "Test", "Test\Test.csproj", "{A26175D9-2BEE-463E-8C0C-AE6B1A4B2E03}"
EndProject
Project("{FAE04EC0-301F-11D3-BF4B-00C04F79EFBC}") = "Composite", "Decorator\Composite\Composite.csproj", "{C7EC11D4-AC02-44E4-97C3-12E083A17F96}"
EndProject
Global
	GlobalSection(SolutionConfigurationPlatforms) = preSolution
		Debug|Any CPU = Debug|Any CPU
		Release|Any CPU = Release|Any CPU
	EndGlobalSection
	GlobalSection(SolutionProperties) = preSolution
		HideSolutionNode = FALSE
	EndGlobalSection
	GlobalSection(ProjectConfigurationPlatforms) = postSolution
		{37F12E79-B960-49F9-B872-91CCBCFA916D}.Debug|Any CPU.ActiveCfg = Debug|Any CPU
		{37F12E79-B960-49F9-B872-91CCBCFA916D}.Debug|Any CPU.Build.0 = Debug|Any CPU
		{37F12E79-B960-49F9-B872-91CCBCFA916D}.Release|Any CPU.ActiveCfg = Release|Any CPU
		{37F12E79-B960-49F9-B872-91CCBCFA916D}.Release|Any CPU.Build.0 = Release|Any CPU
		{A26175D9-2BEE-463E-8C0C-AE6B1A4B2E03}.Debug|Any CPU.ActiveCfg = Debug|Any CPU
		{A26175D9-2BEE-463E-8C0C-AE6B1A4B2E03}.Debug|Any CPU.Build.0 = Debug|Any CPU
		{A26175D9-2BEE-463E-8C0C-AE6B1A4B2E03}.Release|Any CPU.ActiveCfg = Release|Any CPU
		{A26175D9-2BEE-463E-8C0C-AE6B1A4B2E03}.Release|Any CPU.Build.0 = Release|Any CPU
		{C7EC11D4-AC02-44E4-97C3-12E083A17F96}.Debug|Any CPU.ActiveCfg = Debug|Any CPU
		{C7EC11D4-AC02-44E4-97C3-12E083A17F96}.Debug|Any CPU.Build.0 = Debug|Any CPU
		{C7EC11D4-AC02-44E4-97C3-12E083A17F96}.Release|Any CPU.ActiveCfg = Release|Any CPU
		{C7EC11D4-AC02-44E4-97C3-12E083A17F96}.Release|Any CPU.Build.0 = Release|Any CPU
	EndGlobalSection
	GlobalSection(NestedProjects) = preSolution
		{37F12E79-B960-49F9-B872-91CCBCFA916D} = {C65051F6-6AF1-4C27-A704-CD1294D2D1C7}
		{C7EC11D4-AC02-44E4-97C3-12E083A17F96} = {C65051F6-6AF1-4C27-A704-CD1294D2D1C7}
	EndGlobalSection
EndGlobal
